
Microsoft Visual Studio Solution File, Format Version 12.00
# Visual Studio Version 17
VisualStudioVersion = 17.3.32922.545
MinimumVisualStudioVersion = 10.0.40219.1
Project("{FAE04EC0-301F-11D3-BF4B-00C04F79EFBC}") = "ConexaoControle", "Conexao\ConexaoControle.csproj", "{6CDDEFB9-F4FF-4169-B4BC-FD958F3178F9}"
EndProject
Project("{FAE04EC0-301F-11D3-BF4B-00C04F79EFBC}") = "HistoricoControle", "HistoricoControle\HistoricoControle.csproj", "{03EA7777-02A3-4B31-848C-A56215AB68DC}"
EndProject
Project("{FAE04EC0-301F-11D3-BF4B-00C04F79EFBC}") = "HistoricoModel", "HistoricoModel\HistoricoModel.csproj", "{3FB35634-7C93-46C5-80BF-7F7790C27F66}"
EndProject
Project("{FAE04EC0-301F-11D3-BF4B-00C04F79EFBC}") = "HistoricoView", "HistoricoView\HistoricoView.csproj", "{6BEC3381-EAA7-45D8-8C91-49AF9B6721B5}"
EndProject
Project("{2150E333-8FDC-42A3-9474-1A3956D46DE8}") = "Model", "Model", "{808CD5C4-5D32-4AE6-A857-8EA3DE1E5E5D}"
EndProject
Project("{2150E333-8FDC-42A3-9474-1A3956D46DE8}") = "View", "View", "{FAEFF9D8-55F6-4166-998D-8E9CBC8CAFF9}"
EndProject
Project("{2150E333-8FDC-42A3-9474-1A3956D46DE8}") = "Controler", "Controler", "{4C3B4BB3-773F-4BDC-B5BD-93F38B5BF23E}"
EndProject
Project("{FAE04EC0-301F-11D3-BF4B-00C04F79EFBC}") = "ColaboradoresControle", "ColaboradoresControle\ColaboradoresControle.csproj", "{49A991B7-A6F0-4E25-BC6C-5C1875FABE3D}"
EndProject
Project("{FAE04EC0-301F-11D3-BF4B-00C04F79EFBC}") = "ColaboradoreModel", "colaboradoreModel\ColaboradoreModel.csproj", "{C3F21BB7-3A85-4B83-83FC-4382DAB81F5C}"
EndProject
Project("{FAE04EC0-301F-11D3-BF4B-00C04F79EFBC}") = "UsuariosControler", "UsuariosControler\UsuariosControler.csproj", "{AEDF649B-8F42-4E29-BA2A-E32EB0DB35FA}"
EndProject
Project("{FAE04EC0-301F-11D3-BF4B-00C04F79EFBC}") = "UsuariosModel", "UsuariosModel\UsuariosModel.csproj", "{F3EBE711-1E84-488B-93E9-3B8CCEE6CB3E}"
EndProject
Project("{FAE04EC0-301F-11D3-BF4B-00C04F79EFBC}") = "MenuView", "MenuView\MenuView.csproj", "{B9E9D063-9751-4CFD-A81E-1443547B114F}"
EndProject
Project("{FAE04EC0-301F-11D3-BF4B-00C04F79EFBC}") = "CadastrarInsumoView", "CadastrarInsumoView\CadastrarInsumoView.csproj", "{19DFD216-1B50-49DA-AC42-A95F9463C1E3}"
EndProject
Project("{FAE04EC0-301F-11D3-BF4B-00C04F79EFBC}") = "CadastrarUsuarioView", "CadastrarUsuarioView\CadastrarUsuarioView.csproj", "{5EA1020F-CDE3-4BA6-A1FA-AB4F78651360}"
EndProject
Project("{FAE04EC0-301F-11D3-BF4B-00C04F79EFBC}") = "CadastrarColaboradorView", "CadastrarColaboradorView\CadastrarColaboradorView.csproj", "{1FA5DDB7-E2D7-40D7-AAE0-E162DE13CB87}"
EndProject
Project("{FAE04EC0-301F-11D3-BF4B-00C04F79EFBC}") = "EstoqueControle", "EstoqueControle\EstoqueControle.csproj", "{5EEFCF05-0DA5-4A3A-A6F4-04A9CF955A76}"
EndProject
Project("{FAE04EC0-301F-11D3-BF4B-00C04F79EFBC}") = "EsoqueView", "EstoqueView\EsoqueView.csproj", "{303B7D5D-2592-422E-AED1-F9C12F7BB52F}"
EndProject
Project("{FAE04EC0-301F-11D3-BF4B-00C04F79EFBC}") = "EstoqueModel", "EstoqueModel\EstoqueModel.csproj", "{FEE7BD5D-AF88-4170-9A29-7F3D3A9EB8BC}"
EndProject
Project("{FAE04EC0-301F-11D3-BF4B-00C04F79EFBC}") = "Controle de Estoque", "Controle de Estoque\Controle de Estoque.csproj", "{EC0C3835-2AF5-4018-95CA-06CCB26E9BE1}"
EndProject
Project("{FAE04EC0-301F-11D3-BF4B-00C04F79EFBC}") = "RelatoriosView", "MenuHistoricoView\RelatoriosView.csproj", "{A1A7E81E-6B38-43BB-B3E0-4516BCEF3AEF}"
EndProject
Project("{FAE04EC0-301F-11D3-BF4B-00C04F79EFBC}") = "RelatoriosControle", "RelatoriosControle\RelatoriosControle.csproj", "{61411014-D4FA-4E7C-BDC7-2E333943AEB2}"
EndProject
Project("{FAE04EC0-301F-11D3-BF4B-00C04F79EFBC}") = "MovimentacaoControle", "SaidaControle\MovimentacaoControle.csproj", "{688704E4-4AF0-4C95-9989-5687F3FBB0F6}"
EndProject
Project("{FAE04EC0-301F-11D3-BF4B-00C04F79EFBC}") = "CadastrarFornecedorView", "CadastrarFornecedorView\CadastrarFornecedorView.csproj", "{8E775FF6-7144-4051-A944-3F1CC0FE562F}"
EndProject
Project("{FAE04EC0-301F-11D3-BF4B-00C04F79EFBC}") = "FornecedorModel", "mdlFornecedor\FornecedorModel.csproj", "{19091172-2EAE-45D3-9729-4118A4A9486D}"
EndProject
Project("{FAE04EC0-301F-11D3-BF4B-00C04F79EFBC}") = "FornecedorControle", "ctrlFornecedor\FornecedorControle.csproj", "{52CB3059-3A2C-4090-8B4F-E9CD6850489B}"
EndProject
Project("{FAE04EC0-301F-11D3-BF4B-00C04F79EFBC}") = "EntradaModel", "EntradaModel\EntradaModel.csproj", "{0EE03F19-F068-4AE8-939A-B209DC0ECE76}"
EndProject
Project("{FAE04EC0-301F-11D3-BF4B-00C04F79EFBC}") = "EntradaControle", "EntradaControle\EntradaControle.csproj", "{A29B81B9-5E13-4896-B4B2-C15A7C6999EE}"
EndProject
Project("{FAE04EC0-301F-11D3-BF4B-00C04F79EFBC}") = "AlterarInsumoView", "AlterarInsumoView\AlterarInsumoView.csproj", "{75056B67-F181-4708-A0CF-670E7A22C2AF}"
EndProject
Global
	GlobalSection(SolutionConfigurationPlatforms) = preSolution
		Debug|Any CPU = Debug|Any CPU
		Release|Any CPU = Release|Any CPU
	EndGlobalSection
	GlobalSection(ProjectConfigurationPlatforms) = postSolution
		{6CDDEFB9-F4FF-4169-B4BC-FD958F3178F9}.Debug|Any CPU.ActiveCfg = Debug|Any CPU
		{6CDDEFB9-F4FF-4169-B4BC-FD958F3178F9}.Debug|Any CPU.Build.0 = Debug|Any CPU
		{6CDDEFB9-F4FF-4169-B4BC-FD958F3178F9}.Release|Any CPU.ActiveCfg = Release|Any CPU
		{6CDDEFB9-F4FF-4169-B4BC-FD958F3178F9}.Release|Any CPU.Build.0 = Release|Any CPU
		{03EA7777-02A3-4B31-848C-A56215AB68DC}.Debug|Any CPU.ActiveCfg = Debug|Any CPU
		{03EA7777-02A3-4B31-848C-A56215AB68DC}.Debug|Any CPU.Build.0 = Debug|Any CPU
		{03EA7777-02A3-4B31-848C-A56215AB68DC}.Release|Any CPU.ActiveCfg = Release|Any CPU
		{03EA7777-02A3-4B31-848C-A56215AB68DC}.Release|Any CPU.Build.0 = Release|Any CPU
		{3FB35634-7C93-46C5-80BF-7F7790C27F66}.Debug|Any CPU.ActiveCfg = Debug|Any CPU
		{3FB35634-7C93-46C5-80BF-7F7790C27F66}.Debug|Any CPU.Build.0 = Debug|Any CPU
		{3FB35634-7C93-46C5-80BF-7F7790C27F66}.Release|Any CPU.ActiveCfg = Release|Any CPU
		{3FB35634-7C93-46C5-80BF-7F7790C27F66}.Release|Any CPU.Build.0 = Release|Any CPU
		{6BEC3381-EAA7-45D8-8C91-49AF9B6721B5}.Debug|Any CPU.ActiveCfg = Debug|Any CPU
		{6BEC3381-EAA7-45D8-8C91-49AF9B6721B5}.Debug|Any CPU.Build.0 = Debug|Any CPU
		{6BEC3381-EAA7-45D8-8C91-49AF9B6721B5}.Release|Any CPU.ActiveCfg = Release|Any CPU
		{6BEC3381-EAA7-45D8-8C91-49AF9B6721B5}.Release|Any CPU.Build.0 = Release|Any CPU
		{49A991B7-A6F0-4E25-BC6C-5C1875FABE3D}.Debug|Any CPU.ActiveCfg = Debug|Any CPU
		{49A991B7-A6F0-4E25-BC6C-5C1875FABE3D}.Debug|Any CPU.Build.0 = Debug|Any CPU
		{49A991B7-A6F0-4E25-BC6C-5C1875FABE3D}.Release|Any CPU.ActiveCfg = Release|Any CPU
		{49A991B7-A6F0-4E25-BC6C-5C1875FABE3D}.Release|Any CPU.Build.0 = Release|Any CPU
		{C3F21BB7-3A85-4B83-83FC-4382DAB81F5C}.Debug|Any CPU.ActiveCfg = Debug|Any CPU
		{C3F21BB7-3A85-4B83-83FC-4382DAB81F5C}.Debug|Any CPU.Build.0 = Debug|Any CPU
		{C3F21BB7-3A85-4B83-83FC-4382DAB81F5C}.Release|Any CPU.ActiveCfg = Release|Any CPU
		{C3F21BB7-3A85-4B83-83FC-4382DAB81F5C}.Release|Any CPU.Build.0 = Release|Any CPU
		{AEDF649B-8F42-4E29-BA2A-E32EB0DB35FA}.Debug|Any CPU.ActiveCfg = Debug|Any CPU
		{AEDF649B-8F42-4E29-BA2A-E32EB0DB35FA}.Debug|Any CPU.Build.0 = Debug|Any CPU
		{AEDF649B-8F42-4E29-BA2A-E32EB0DB35FA}.Release|Any CPU.ActiveCfg = Release|Any CPU
		{AEDF649B-8F42-4E29-BA2A-E32EB0DB35FA}.Release|Any CPU.Build.0 = Release|Any CPU
		{F3EBE711-1E84-488B-93E9-3B8CCEE6CB3E}.Debug|Any CPU.ActiveCfg = Debug|Any CPU
		{F3EBE711-1E84-488B-93E9-3B8CCEE6CB3E}.Debug|Any CPU.Build.0 = Debug|Any CPU
		{F3EBE711-1E84-488B-93E9-3B8CCEE6CB3E}.Release|Any CPU.ActiveCfg = Release|Any CPU
		{F3EBE711-1E84-488B-93E9-3B8CCEE6CB3E}.Release|Any CPU.Build.0 = Release|Any CPU
		{B9E9D063-9751-4CFD-A81E-1443547B114F}.Debug|Any CPU.ActiveCfg = Debug|Any CPU
		{B9E9D063-9751-4CFD-A81E-1443547B114F}.Debug|Any CPU.Build.0 = Debug|Any CPU
		{B9E9D063-9751-4CFD-A81E-1443547B114F}.Release|Any CPU.ActiveCfg = Release|Any CPU
		{B9E9D063-9751-4CFD-A81E-1443547B114F}.Release|Any CPU.Build.0 = Release|Any CPU
		{19DFD216-1B50-49DA-AC42-A95F9463C1E3}.Debug|Any CPU.ActiveCfg = Debug|Any CPU
		{19DFD216-1B50-49DA-AC42-A95F9463C1E3}.Debug|Any CPU.Build.0 = Debug|Any CPU
		{19DFD216-1B50-49DA-AC42-A95F9463C1E3}.Release|Any CPU.ActiveCfg = Release|Any CPU
		{19DFD216-1B50-49DA-AC42-A95F9463C1E3}.Release|Any CPU.Build.0 = Release|Any CPU
		{5EA1020F-CDE3-4BA6-A1FA-AB4F78651360}.Debug|Any CPU.ActiveCfg = Debug|Any CPU
		{5EA1020F-CDE3-4BA6-A1FA-AB4F78651360}.Debug|Any CPU.Build.0 = Debug|Any CPU
		{5EA1020F-CDE3-4BA6-A1FA-AB4F78651360}.Release|Any CPU.ActiveCfg = Release|Any CPU
		{5EA1020F-CDE3-4BA6-A1FA-AB4F78651360}.Release|Any CPU.Build.0 = Release|Any CPU
		{1FA5DDB7-E2D7-40D7-AAE0-E162DE13CB87}.Debug|Any CPU.ActiveCfg = Debug|Any CPU
		{1FA5DDB7-E2D7-40D7-AAE0-E162DE13CB87}.Debug|Any CPU.Build.0 = Debug|Any CPU
		{1FA5DDB7-E2D7-40D7-AAE0-E162DE13CB87}.Release|Any CPU.ActiveCfg = Release|Any CPU
		{1FA5DDB7-E2D7-40D7-AAE0-E162DE13CB87}.Release|Any CPU.Build.0 = Release|Any CPU
		{5EEFCF05-0DA5-4A3A-A6F4-04A9CF955A76}.Debug|Any CPU.ActiveCfg = Debug|Any CPU
		{5EEFCF05-0DA5-4A3A-A6F4-04A9CF955A76}.Debug|Any CPU.Build.0 = Debug|Any CPU
		{5EEFCF05-0DA5-4A3A-A6F4-04A9CF955A76}.Release|Any CPU.ActiveCfg = Release|Any CPU
		{5EEFCF05-0DA5-4A3A-A6F4-04A9CF955A76}.Release|Any CPU.Build.0 = Release|Any CPU
		{303B7D5D-2592-422E-AED1-F9C12F7BB52F}.Debug|Any CPU.ActiveCfg = Debug|Any CPU
		{303B7D5D-2592-422E-AED1-F9C12F7BB52F}.Debug|Any CPU.Build.0 = Debug|Any CPU
		{303B7D5D-2592-422E-AED1-F9C12F7BB52F}.Release|Any CPU.ActiveCfg = Release|Any CPU
		{303B7D5D-2592-422E-AED1-F9C12F7BB52F}.Release|Any CPU.Build.0 = Release|Any CPU
		{FEE7BD5D-AF88-4170-9A29-7F3D3A9EB8BC}.Debug|Any CPU.ActiveCfg = Debug|Any CPU
		{FEE7BD5D-AF88-4170-9A29-7F3D3A9EB8BC}.Debug|Any CPU.Build.0 = Debug|Any CPU
		{FEE7BD5D-AF88-4170-9A29-7F3D3A9EB8BC}.Release|Any CPU.ActiveCfg = Release|Any CPU
		{FEE7BD5D-AF88-4170-9A29-7F3D3A9EB8BC}.Release|Any CPU.Build.0 = Release|Any CPU
		{EC0C3835-2AF5-4018-95CA-06CCB26E9BE1}.Debug|Any CPU.ActiveCfg = Debug|Any CPU
		{EC0C3835-2AF5-4018-95CA-06CCB26E9BE1}.Debug|Any CPU.Build.0 = Debug|Any CPU
		{EC0C3835-2AF5-4018-95CA-06CCB26E9BE1}.Release|Any CPU.ActiveCfg = Release|Any CPU
		{EC0C3835-2AF5-4018-95CA-06CCB26E9BE1}.Release|Any CPU.Build.0 = Release|Any CPU
		{A1A7E81E-6B38-43BB-B3E0-4516BCEF3AEF}.Debug|Any CPU.ActiveCfg = Debug|Any CPU
		{A1A7E81E-6B38-43BB-B3E0-4516BCEF3AEF}.Debug|Any CPU.Build.0 = Debug|Any CPU
		{A1A7E81E-6B38-43BB-B3E0-4516BCEF3AEF}.Release|Any CPU.ActiveCfg = Release|Any CPU
		{A1A7E81E-6B38-43BB-B3E0-4516BCEF3AEF}.Release|Any CPU.Build.0 = Release|Any CPU
		{61411014-D4FA-4E7C-BDC7-2E333943AEB2}.Debug|Any CPU.ActiveCfg = Debug|Any CPU
		{61411014-D4FA-4E7C-BDC7-2E333943AEB2}.Debug|Any CPU.Build.0 = Debug|Any CPU
		{61411014-D4FA-4E7C-BDC7-2E333943AEB2}.Release|Any CPU.ActiveCfg = Release|Any CPU
		{61411014-D4FA-4E7C-BDC7-2E333943AEB2}.Release|Any CPU.Build.0 = Release|Any CPU
		{688704E4-4AF0-4C95-9989-5687F3FBB0F6}.Debug|Any CPU.ActiveCfg = Debug|Any CPU
		{688704E4-4AF0-4C95-9989-5687F3FBB0F6}.Debug|Any CPU.Build.0 = Debug|Any CPU
		{688704E4-4AF0-4C95-9989-5687F3FBB0F6}.Release|Any CPU.ActiveCfg = Release|Any CPU
		{688704E4-4AF0-4C95-9989-5687F3FBB0F6}.Release|Any CPU.Build.0 = Release|Any CPU
		{8E775FF6-7144-4051-A944-3F1CC0FE562F}.Debug|Any CPU.ActiveCfg = Debug|Any CPU
		{8E775FF6-7144-4051-A944-3F1CC0FE562F}.Debug|Any CPU.Build.0 = Debug|Any CPU
		{8E775FF6-7144-4051-A944-3F1CC0FE562F}.Release|Any CPU.ActiveCfg = Release|Any CPU
		{8E775FF6-7144-4051-A944-3F1CC0FE562F}.Release|Any CPU.Build.0 = Release|Any CPU
		{19091172-2EAE-45D3-9729-4118A4A9486D}.Debug|Any CPU.ActiveCfg = Debug|Any CPU
		{19091172-2EAE-45D3-9729-4118A4A9486D}.Debug|Any CPU.Build.0 = Debug|Any CPU
		{19091172-2EAE-45D3-9729-4118A4A9486D}.Release|Any CPU.ActiveCfg = Release|Any CPU
		{19091172-2EAE-45D3-9729-4118A4A9486D}.Release|Any CPU.Build.0 = Release|Any CPU
		{52CB3059-3A2C-4090-8B4F-E9CD6850489B}.Debug|Any CPU.ActiveCfg = Debug|Any CPU
		{52CB3059-3A2C-4090-8B4F-E9CD6850489B}.Debug|Any CPU.Build.0 = Debug|Any CPU
		{52CB3059-3A2C-4090-8B4F-E9CD6850489B}.Release|Any CPU.ActiveCfg = Release|Any CPU
		{52CB3059-3A2C-4090-8B4F-E9CD6850489B}.Release|Any CPU.Build.0 = Release|Any CPU
		{0EE03F19-F068-4AE8-939A-B209DC0ECE76}.Debug|Any CPU.ActiveCfg = Debug|Any CPU
		{0EE03F19-F068-4AE8-939A-B209DC0ECE76}.Debug|Any CPU.Build.0 = Debug|Any CPU
		{0EE03F19-F068-4AE8-939A-B209DC0ECE76}.Release|Any CPU.ActiveCfg = Release|Any CPU
		{0EE03F19-F068-4AE8-939A-B209DC0ECE76}.Release|Any CPU.Build.0 = Release|Any CPU
		{A29B81B9-5E13-4896-B4B2-C15A7C6999EE}.Debug|Any CPU.ActiveCfg = Debug|Any CPU
		{A29B81B9-5E13-4896-B4B2-C15A7C6999EE}.Debug|Any CPU.Build.0 = Debug|Any CPU
		{A29B81B9-5E13-4896-B4B2-C15A7C6999EE}.Release|Any CPU.ActiveCfg = Release|Any CPU
		{A29B81B9-5E13-4896-B4B2-C15A7C6999EE}.Release|Any CPU.Build.0 = Release|Any CPU
		{75056B67-F181-4708-A0CF-670E7A22C2AF}.Debug|Any CPU.ActiveCfg = Debug|Any CPU
		{75056B67-F181-4708-A0CF-670E7A22C2AF}.Debug|Any CPU.Build.0 = Debug|Any CPU
		{75056B67-F181-4708-A0CF-670E7A22C2AF}.Release|Any CPU.ActiveCfg = Release|Any CPU
		{75056B67-F181-4708-A0CF-670E7A22C2AF}.Release|Any CPU.Build.0 = Release|Any CPU
	EndGlobalSection
	GlobalSection(SolutionProperties) = preSolution
		HideSolutionNode = FALSE
	EndGlobalSection
	GlobalSection(NestedProjects) = preSolution
		{6CDDEFB9-F4FF-4169-B4BC-FD958F3178F9} = {4C3B4BB3-773F-4BDC-B5BD-93F38B5BF23E}
		{03EA7777-02A3-4B31-848C-A56215AB68DC} = {4C3B4BB3-773F-4BDC-B5BD-93F38B5BF23E}
		{3FB35634-7C93-46C5-80BF-7F7790C27F66} = {808CD5C4-5D32-4AE6-A857-8EA3DE1E5E5D}
		{6BEC3381-EAA7-45D8-8C91-49AF9B6721B5} = {FAEFF9D8-55F6-4166-998D-8E9CBC8CAFF9}
		{49A991B7-A6F0-4E25-BC6C-5C1875FABE3D} = {4C3B4BB3-773F-4BDC-B5BD-93F38B5BF23E}
		{C3F21BB7-3A85-4B83-83FC-4382DAB81F5C} = {808CD5C4-5D32-4AE6-A857-8EA3DE1E5E5D}
		{AEDF649B-8F42-4E29-BA2A-E32EB0DB35FA} = {4C3B4BB3-773F-4BDC-B5BD-93F38B5BF23E}
		{F3EBE711-1E84-488B-93E9-3B8CCEE6CB3E} = {808CD5C4-5D32-4AE6-A857-8EA3DE1E5E5D}
		{B9E9D063-9751-4CFD-A81E-1443547B114F} = {FAEFF9D8-55F6-4166-998D-8E9CBC8CAFF9}
		{19DFD216-1B50-49DA-AC42-A95F9463C1E3} = {FAEFF9D8-55F6-4166-998D-8E9CBC8CAFF9}
		{5EA1020F-CDE3-4BA6-A1FA-AB4F78651360} = {FAEFF9D8-55F6-4166-998D-8E9CBC8CAFF9}
		{1FA5DDB7-E2D7-40D7-AAE0-E162DE13CB87} = {FAEFF9D8-55F6-4166-998D-8E9CBC8CAFF9}
		{5EEFCF05-0DA5-4A3A-A6F4-04A9CF955A76} = {4C3B4BB3-773F-4BDC-B5BD-93F38B5BF23E}
		{303B7D5D-2592-422E-AED1-F9C12F7BB52F} = {FAEFF9D8-55F6-4166-998D-8E9CBC8CAFF9}
		{FEE7BD5D-AF88-4170-9A29-7F3D3A9EB8BC} = {808CD5C4-5D32-4AE6-A857-8EA3DE1E5E5D}
		{EC0C3835-2AF5-4018-95CA-06CCB26E9BE1} = {FAEFF9D8-55F6-4166-998D-8E9CBC8CAFF9}
		{A1A7E81E-6B38-43BB-B3E0-4516BCEF3AEF} = {FAEFF9D8-55F6-4166-998D-8E9CBC8CAFF9}
		{61411014-D4FA-4E7C-BDC7-2E333943AEB2} = {4C3B4BB3-773F-4BDC-B5BD-93F38B5BF23E}
		{688704E4-4AF0-4C95-9989-5687F3FBB0F6} = {4C3B4BB3-773F-4BDC-B5BD-93F38B5BF23E}
		{8E775FF6-7144-4051-A944-3F1CC0FE562F} = {FAEFF9D8-55F6-4166-998D-8E9CBC8CAFF9}
		{19091172-2EAE-45D3-9729-4118A4A9486D} = {808CD5C4-5D32-4AE6-A857-8EA3DE1E5E5D}
		{52CB3059-3A2C-4090-8B4F-E9CD6850489B} = {4C3B4BB3-773F-4BDC-B5BD-93F38B5BF23E}
		{0EE03F19-F068-4AE8-939A-B209DC0ECE76} = {808CD5C4-5D32-4AE6-A857-8EA3DE1E5E5D}
		{A29B81B9-5E13-4896-B4B2-C15A7C6999EE} = {4C3B4BB3-773F-4BDC-B5BD-93F38B5BF23E}
		{75056B67-F181-4708-A0CF-670E7A22C2AF} = {FAEFF9D8-55F6-4166-998D-8E9CBC8CAFF9}
	EndGlobalSection
	GlobalSection(ExtensibilityGlobals) = postSolution
		SolutionGuid = {FDCD5FBC-1A43-4A2D-A185-074A3438C354}
	EndGlobalSection
EndGlobal
